
Microsoft Visual Studio Solution File, Format Version 12.00
# Visual Studio Version 17
VisualStudioVersion = 17.11.35219.272
MinimumVisualStudioVersion = 10.0.40219.1
Project("{FAE04EC0-301F-11D3-BF4B-00C04F79EFBC}") = "AzureDemo", "AzureDemo.csproj", "{8213D2D6-E712-493A-B14D-4B7016EFF9D0}"
EndProject
Global
	GlobalSection(SolutionConfigurationPlatforms) = preSolution
		Debug|Any CPU = Debug|Any CPU
		Release|Any CPU = Release|Any CPU
	EndGlobalSection
	GlobalSection(ProjectConfigurationPlatforms) = postSolution
		{8213D2D6-E712-493A-B14D-4B7016EFF9D0}.Debug|Any CPU.ActiveCfg = Debug|Any CPU
		{8213D2D6-E712-493A-B14D-4B7016EFF9D0}.Debug|Any CPU.Build.0 = Debug|Any CPU
		{8213D2D6-E712-493A-B14D-4B7016EFF9D0}.Release|Any CPU.ActiveCfg = Release|Any CPU
		{8213D2D6-E712-493A-B14D-4B7016EFF9D0}.Release|Any CPU.Build.0 = Release|Any CPU
	EndGlobalSection
	GlobalSection(SolutionProperties) = preSolution
		HideSolutionNode = FALSE
	EndGlobalSection
	GlobalSection(ExtensibilityGlobals) = postSolution
		SolutionGuid = {969A828D-57CE-418E-9523-08BB9D54E6AB}
	EndGlobalSection
EndGlobal
